
Microsoft Visual Studio Solution File, Format Version 12.00
# Visual Studio 15
VisualStudioVersion = 15.0.27004.2010
MinimumVisualStudioVersion = 10.0.40219.1
Project("{FAE04EC0-301F-11D3-BF4B-00C04F79EFBC}") = "DAL", "DAL\DAL.csproj", "{72466BAF-904B-4D30-AEB9-7E5743E9ED97}"
EndProject
Project("{FAE04EC0-301F-11D3-BF4B-00C04F79EFBC}") = "BOL", "BOL\BOL.csproj", "{BA165A0C-49C1-41EB-9941-F73C406FF4E6}"
EndProject
Project("{FAE04EC0-301F-11D3-BF4B-00C04F79EFBC}") = "BLL", "BLL\BLL.csproj", "{934F7882-63A0-4F54-A64C-0B67B3B7DDA6}"
EndProject
Project("{FAE04EC0-301F-11D3-BF4B-00C04F79EFBC}") = "UIL", "UIL\UIL.csproj", "{30E42AC2-1E5A-4B2F-9C77-4361D0BFABD2}"
EndProject
Global
	GlobalSection(SolutionConfigurationPlatforms) = preSolution
		Debug|Any CPU = Debug|Any CPU
		Release|Any CPU = Release|Any CPU
	EndGlobalSection
	GlobalSection(ProjectConfigurationPlatforms) = postSolution
		{72466BAF-904B-4D30-AEB9-7E5743E9ED97}.Debug|Any CPU.ActiveCfg = Debug|Any CPU
		{72466BAF-904B-4D30-AEB9-7E5743E9ED97}.Debug|Any CPU.Build.0 = Debug|Any CPU
		{72466BAF-904B-4D30-AEB9-7E5743E9ED97}.Release|Any CPU.ActiveCfg = Release|Any CPU
		{72466BAF-904B-4D30-AEB9-7E5743E9ED97}.Release|Any CPU.Build.0 = Release|Any CPU
		{BA165A0C-49C1-41EB-9941-F73C406FF4E6}.Debug|Any CPU.ActiveCfg = Debug|Any CPU
		{BA165A0C-49C1-41EB-9941-F73C406FF4E6}.Debug|Any CPU.Build.0 = Debug|Any CPU
		{BA165A0C-49C1-41EB-9941-F73C406FF4E6}.Release|Any CPU.ActiveCfg = Release|Any CPU
		{BA165A0C-49C1-41EB-9941-F73C406FF4E6}.Release|Any CPU.Build.0 = Release|Any CPU
		{934F7882-63A0-4F54-A64C-0B67B3B7DDA6}.Debug|Any CPU.ActiveCfg = Debug|Any CPU
		{934F7882-63A0-4F54-A64C-0B67B3B7DDA6}.Debug|Any CPU.Build.0 = Debug|Any CPU
		{934F7882-63A0-4F54-A64C-0B67B3B7DDA6}.Release|Any CPU.ActiveCfg = Release|Any CPU
		{934F7882-63A0-4F54-A64C-0B67B3B7DDA6}.Release|Any CPU.Build.0 = Release|Any CPU
		{30E42AC2-1E5A-4B2F-9C77-4361D0BFABD2}.Debug|Any CPU.ActiveCfg = Debug|Any CPU
		{30E42AC2-1E5A-4B2F-9C77-4361D0BFABD2}.Debug|Any CPU.Build.0 = Debug|Any CPU
		{30E42AC2-1E5A-4B2F-9C77-4361D0BFABD2}.Release|Any CPU.ActiveCfg = Release|Any CPU
		{30E42AC2-1E5A-4B2F-9C77-4361D0BFABD2}.Release|Any CPU.Build.0 = Release|Any CPU
	EndGlobalSection
	GlobalSection(SolutionProperties) = preSolution
		HideSolutionNode = FALSE
	EndGlobalSection
	GlobalSection(ExtensibilityGlobals) = postSolution
		SolutionGuid = {845DACE6-2767-47EB-9E0E-5DA1B09C4AD4}
	EndGlobalSection
EndGlobal
